
Microsoft Visual Studio Solution File, Format Version 12.00
# Visual Studio Version 17
VisualStudioVersion = 17.0.31710.8
MinimumVisualStudioVersion = 10.0.40219.1
Project("{2150E333-8FDC-42A3-9474-1A3956D46DE8}") = "Services", "Services", "{27B0FFFA-CFE2-4F65-9126-97A0661A23A4}"
EndProject
Project("{2150E333-8FDC-42A3-9474-1A3956D46DE8}") = "Management", "Management", "{85626CF8-B877-4727-AC20-78607E7AA35D}"
EndProject
Project("{FAE04EC0-301F-11D3-BF4B-00C04F79EFBC}") = "Management.API", "Services\Management\Management.API\Management.API.csproj", "{073B554F-D8BE-46E0-8F22-0172E7136D3C}"
EndProject
Project("{FAE04EC0-301F-11D3-BF4B-00C04F79EFBC}") = "Management.Data", "Services\Management\Management.Data\Management.Data.csproj", "{D0D118E6-FE22-4D08-BF09-11DD97464A00}"
EndProject
Project("{FAE04EC0-301F-11D3-BF4B-00C04F79EFBC}") = "Management.Domain", "Services\Management\Management.Domain\Management.Domain.csproj", "{F54B0470-277F-4406-98C0-D61B582A6141}"
EndProject
Global
	GlobalSection(SolutionConfigurationPlatforms) = preSolution
		Debug|Any CPU = Debug|Any CPU
		Release|Any CPU = Release|Any CPU
	EndGlobalSection
	GlobalSection(ProjectConfigurationPlatforms) = postSolution
		{073B554F-D8BE-46E0-8F22-0172E7136D3C}.Debug|Any CPU.ActiveCfg = Debug|Any CPU
		{073B554F-D8BE-46E0-8F22-0172E7136D3C}.Debug|Any CPU.Build.0 = Debug|Any CPU
		{073B554F-D8BE-46E0-8F22-0172E7136D3C}.Release|Any CPU.ActiveCfg = Release|Any CPU
		{073B554F-D8BE-46E0-8F22-0172E7136D3C}.Release|Any CPU.Build.0 = Release|Any CPU
		{D0D118E6-FE22-4D08-BF09-11DD97464A00}.Debug|Any CPU.ActiveCfg = Debug|Any CPU
		{D0D118E6-FE22-4D08-BF09-11DD97464A00}.Debug|Any CPU.Build.0 = Debug|Any CPU
		{D0D118E6-FE22-4D08-BF09-11DD97464A00}.Release|Any CPU.ActiveCfg = Release|Any CPU
		{D0D118E6-FE22-4D08-BF09-11DD97464A00}.Release|Any CPU.Build.0 = Release|Any CPU
		{F54B0470-277F-4406-98C0-D61B582A6141}.Debug|Any CPU.ActiveCfg = Debug|Any CPU
		{F54B0470-277F-4406-98C0-D61B582A6141}.Debug|Any CPU.Build.0 = Debug|Any CPU
		{F54B0470-277F-4406-98C0-D61B582A6141}.Release|Any CPU.ActiveCfg = Release|Any CPU
		{F54B0470-277F-4406-98C0-D61B582A6141}.Release|Any CPU.Build.0 = Release|Any CPU
	EndGlobalSection
	GlobalSection(SolutionProperties) = preSolution
		HideSolutionNode = FALSE
	EndGlobalSection
	GlobalSection(NestedProjects) = preSolution
		{85626CF8-B877-4727-AC20-78607E7AA35D} = {27B0FFFA-CFE2-4F65-9126-97A0661A23A4}
		{073B554F-D8BE-46E0-8F22-0172E7136D3C} = {85626CF8-B877-4727-AC20-78607E7AA35D}
		{D0D118E6-FE22-4D08-BF09-11DD97464A00} = {85626CF8-B877-4727-AC20-78607E7AA35D}
		{F54B0470-277F-4406-98C0-D61B582A6141} = {85626CF8-B877-4727-AC20-78607E7AA35D}
	EndGlobalSection
	GlobalSection(ExtensibilityGlobals) = postSolution
		SolutionGuid = {1EC61573-B22C-452C-B247-70FD17BF1978}
	EndGlobalSection
EndGlobal
