
Microsoft Visual Studio Solution File, Format Version 12.00
# Visual Studio Version 17
VisualStudioVersion = 17.0.31710.8
MinimumVisualStudioVersion = 10.0.40219.1
Project("{2150E333-8FDC-42A3-9474-1A3956D46DE8}") = "Services", "Services", "{27B0FFFA-CFE2-4F65-9126-97A0661A23A4}"
EndProject
Project("{2150E333-8FDC-42A3-9474-1A3956D46DE8}") = "Management", "Management", "{85626CF8-B877-4727-AC20-78607E7AA35D}"
EndProject
Project("{9A19103F-16F7-4668-BE54-9A1E7A4F7556}") = "Management.API", "Services\Management\Management.API\Management.API.csproj", "{073B554F-D8BE-46E0-8F22-0172E7136D3C}"
EndProject
Project("{9A19103F-16F7-4668-BE54-9A1E7A4F7556}") = "Management.Data", "Services\Management\Management.Data\Management.Data.csproj", "{D0D118E6-FE22-4D08-BF09-11DD97464A00}"
EndProject
Project("{9A19103F-16F7-4668-BE54-9A1E7A4F7556}") = "Management.Domain", "Services\Management\Management.Domain\Management.Domain.csproj", "{F54B0470-277F-4406-98C0-D61B582A6141}"
EndProject
Project("{E53339B2-1760-4266-BCC7-CA923CBCF16C}") = "docker-compose", "docker-compose.dcproj", "{65E4E4BD-4638-46B5-951B-609A6EB0CCCE}"
EndProject
Project("{2150E333-8FDC-42A3-9474-1A3956D46DE8}") = "Acquisition", "Acquisition", "{0130FDB1-3353-4035-A976-E98EE7F8FC1E}"
EndProject
Project("{9A19103F-16F7-4668-BE54-9A1E7A4F7556}") = "Acquisition.API", "Services\Acquisition\Acquisition.API\Acquisition.API.csproj", "{508B6778-5D28-4AE7-B57F-7FB2648CF68F}"
EndProject
Project("{9A19103F-16F7-4668-BE54-9A1E7A4F7556}") = "Acquisition.Domain", "Services\Acquisition\Acquisition.Domain\Acquisition.Domain.csproj", "{10DFAA5F-0673-489A-9865-2EC7096717FE}"
EndProject
Project("{9A19103F-16F7-4668-BE54-9A1E7A4F7556}") = "Acquisition.Infrastructure", "Services\Acquisition\Acquisition.Infrastructure\Acquisition.Infrastructure.csproj", "{347516B8-CF9A-4A23-97AF-3CF852F89487}"
EndProject
Project("{2150E333-8FDC-42A3-9474-1A3956D46DE8}") = "Discount", "Discount", "{78AD1EA2-C07A-4E4F-A91D-DEB14C9F9482}"
EndProject
Project("{9A19103F-16F7-4668-BE54-9A1E7A4F7556}") = "Discount.API", "Services\Discount\Discount.API\Discount.API.csproj", "{374DAE69-B1FD-4451-8DCF-120047955EC5}"
EndProject
Project("{9A19103F-16F7-4668-BE54-9A1E7A4F7556}") = "Discount.Grpc", "Services\Discount\Discount.Grpc\Discount.Grpc.csproj", "{33707882-E33F-4C75-9AE6-EF391A1D54B8}"
EndProject
Project("{2150E333-8FDC-42A3-9474-1A3956D46DE8}") = "Ordering", "Ordering", "{80AE7B74-B834-421A-B5B9-26697DF228D7}"
EndProject
Project("{9A19103F-16F7-4668-BE54-9A1E7A4F7556}") = "Ordering.API", "Services\Ordering\Ordering.API\Ordering.API.csproj", "{57E49F1D-6CAB-4D61-A4F3-60202FA045FC}"
EndProject
Project("{FAE04EC0-301F-11D3-BF4B-00C04F79EFBC}") = "Ordering.Application", "Services\Ordering\Ordering.Application\Ordering.Application.csproj", "{07DE7552-F61E-4459-8783-944C7DCB0562}"
EndProject
Project("{FAE04EC0-301F-11D3-BF4B-00C04F79EFBC}") = "Ordering.Domain", "Services\Ordering\Ordering.Domain\Ordering.Domain.csproj", "{EE9E3A61-B51E-4431-A75D-A0976EC9B76F}"
EndProject
Project("{FAE04EC0-301F-11D3-BF4B-00C04F79EFBC}") = "Ordering.Infrastructure", "Services\Ordering\Ordering.Infrastructure\Ordering.Infrastructure.csproj", "{9F55AAB1-6DA5-4445-B273-EB45CA898AC6}"
EndProject
Global
	GlobalSection(SolutionConfigurationPlatforms) = preSolution
		Debug|Any CPU = Debug|Any CPU
		Release|Any CPU = Release|Any CPU
	EndGlobalSection
	GlobalSection(ProjectConfigurationPlatforms) = postSolution
		{073B554F-D8BE-46E0-8F22-0172E7136D3C}.Debug|Any CPU.ActiveCfg = Debug|Any CPU
		{073B554F-D8BE-46E0-8F22-0172E7136D3C}.Debug|Any CPU.Build.0 = Debug|Any CPU
		{073B554F-D8BE-46E0-8F22-0172E7136D3C}.Release|Any CPU.ActiveCfg = Release|Any CPU
		{073B554F-D8BE-46E0-8F22-0172E7136D3C}.Release|Any CPU.Build.0 = Release|Any CPU
		{D0D118E6-FE22-4D08-BF09-11DD97464A00}.Debug|Any CPU.ActiveCfg = Debug|Any CPU
		{D0D118E6-FE22-4D08-BF09-11DD97464A00}.Debug|Any CPU.Build.0 = Debug|Any CPU
		{D0D118E6-FE22-4D08-BF09-11DD97464A00}.Release|Any CPU.ActiveCfg = Release|Any CPU
		{D0D118E6-FE22-4D08-BF09-11DD97464A00}.Release|Any CPU.Build.0 = Release|Any CPU
		{F54B0470-277F-4406-98C0-D61B582A6141}.Debug|Any CPU.ActiveCfg = Debug|Any CPU
		{F54B0470-277F-4406-98C0-D61B582A6141}.Debug|Any CPU.Build.0 = Debug|Any CPU
		{F54B0470-277F-4406-98C0-D61B582A6141}.Release|Any CPU.ActiveCfg = Release|Any CPU
		{F54B0470-277F-4406-98C0-D61B582A6141}.Release|Any CPU.Build.0 = Release|Any CPU
		{65E4E4BD-4638-46B5-951B-609A6EB0CCCE}.Debug|Any CPU.ActiveCfg = Debug|Any CPU
		{65E4E4BD-4638-46B5-951B-609A6EB0CCCE}.Debug|Any CPU.Build.0 = Debug|Any CPU
		{65E4E4BD-4638-46B5-951B-609A6EB0CCCE}.Release|Any CPU.ActiveCfg = Release|Any CPU
		{65E4E4BD-4638-46B5-951B-609A6EB0CCCE}.Release|Any CPU.Build.0 = Release|Any CPU
		{508B6778-5D28-4AE7-B57F-7FB2648CF68F}.Debug|Any CPU.ActiveCfg = Debug|Any CPU
		{508B6778-5D28-4AE7-B57F-7FB2648CF68F}.Debug|Any CPU.Build.0 = Debug|Any CPU
		{508B6778-5D28-4AE7-B57F-7FB2648CF68F}.Release|Any CPU.ActiveCfg = Release|Any CPU
		{508B6778-5D28-4AE7-B57F-7FB2648CF68F}.Release|Any CPU.Build.0 = Release|Any CPU
		{10DFAA5F-0673-489A-9865-2EC7096717FE}.Debug|Any CPU.ActiveCfg = Debug|Any CPU
		{10DFAA5F-0673-489A-9865-2EC7096717FE}.Debug|Any CPU.Build.0 = Debug|Any CPU
		{10DFAA5F-0673-489A-9865-2EC7096717FE}.Release|Any CPU.ActiveCfg = Release|Any CPU
		{10DFAA5F-0673-489A-9865-2EC7096717FE}.Release|Any CPU.Build.0 = Release|Any CPU
		{347516B8-CF9A-4A23-97AF-3CF852F89487}.Debug|Any CPU.ActiveCfg = Debug|Any CPU
		{347516B8-CF9A-4A23-97AF-3CF852F89487}.Debug|Any CPU.Build.0 = Debug|Any CPU
		{347516B8-CF9A-4A23-97AF-3CF852F89487}.Release|Any CPU.ActiveCfg = Release|Any CPU
		{347516B8-CF9A-4A23-97AF-3CF852F89487}.Release|Any CPU.Build.0 = Release|Any CPU
		{374DAE69-B1FD-4451-8DCF-120047955EC5}.Debug|Any CPU.ActiveCfg = Debug|Any CPU
		{374DAE69-B1FD-4451-8DCF-120047955EC5}.Debug|Any CPU.Build.0 = Debug|Any CPU
		{374DAE69-B1FD-4451-8DCF-120047955EC5}.Release|Any CPU.ActiveCfg = Release|Any CPU
		{374DAE69-B1FD-4451-8DCF-120047955EC5}.Release|Any CPU.Build.0 = Release|Any CPU
		{33707882-E33F-4C75-9AE6-EF391A1D54B8}.Debug|Any CPU.ActiveCfg = Debug|Any CPU
		{33707882-E33F-4C75-9AE6-EF391A1D54B8}.Debug|Any CPU.Build.0 = Debug|Any CPU
		{33707882-E33F-4C75-9AE6-EF391A1D54B8}.Release|Any CPU.ActiveCfg = Release|Any CPU
		{33707882-E33F-4C75-9AE6-EF391A1D54B8}.Release|Any CPU.Build.0 = Release|Any CPU
		{57E49F1D-6CAB-4D61-A4F3-60202FA045FC}.Debug|Any CPU.ActiveCfg = Debug|Any CPU
		{57E49F1D-6CAB-4D61-A4F3-60202FA045FC}.Debug|Any CPU.Build.0 = Debug|Any CPU
		{57E49F1D-6CAB-4D61-A4F3-60202FA045FC}.Release|Any CPU.ActiveCfg = Release|Any CPU
		{57E49F1D-6CAB-4D61-A4F3-60202FA045FC}.Release|Any CPU.Build.0 = Release|Any CPU
		{07DE7552-F61E-4459-8783-944C7DCB0562}.Debug|Any CPU.ActiveCfg = Debug|Any CPU
		{07DE7552-F61E-4459-8783-944C7DCB0562}.Debug|Any CPU.Build.0 = Debug|Any CPU
		{07DE7552-F61E-4459-8783-944C7DCB0562}.Release|Any CPU.ActiveCfg = Release|Any CPU
		{07DE7552-F61E-4459-8783-944C7DCB0562}.Release|Any CPU.Build.0 = Release|Any CPU
		{EE9E3A61-B51E-4431-A75D-A0976EC9B76F}.Debug|Any CPU.ActiveCfg = Debug|Any CPU
		{EE9E3A61-B51E-4431-A75D-A0976EC9B76F}.Debug|Any CPU.Build.0 = Debug|Any CPU
		{EE9E3A61-B51E-4431-A75D-A0976EC9B76F}.Release|Any CPU.ActiveCfg = Release|Any CPU
		{EE9E3A61-B51E-4431-A75D-A0976EC9B76F}.Release|Any CPU.Build.0 = Release|Any CPU
		{9F55AAB1-6DA5-4445-B273-EB45CA898AC6}.Debug|Any CPU.ActiveCfg = Debug|Any CPU
		{9F55AAB1-6DA5-4445-B273-EB45CA898AC6}.Debug|Any CPU.Build.0 = Debug|Any CPU
		{9F55AAB1-6DA5-4445-B273-EB45CA898AC6}.Release|Any CPU.ActiveCfg = Release|Any CPU
		{9F55AAB1-6DA5-4445-B273-EB45CA898AC6}.Release|Any CPU.Build.0 = Release|Any CPU
	EndGlobalSection
	GlobalSection(SolutionProperties) = preSolution
		HideSolutionNode = FALSE
	EndGlobalSection
	GlobalSection(NestedProjects) = preSolution
		{85626CF8-B877-4727-AC20-78607E7AA35D} = {27B0FFFA-CFE2-4F65-9126-97A0661A23A4}
		{073B554F-D8BE-46E0-8F22-0172E7136D3C} = {85626CF8-B877-4727-AC20-78607E7AA35D}
		{D0D118E6-FE22-4D08-BF09-11DD97464A00} = {85626CF8-B877-4727-AC20-78607E7AA35D}
		{F54B0470-277F-4406-98C0-D61B582A6141} = {85626CF8-B877-4727-AC20-78607E7AA35D}
		{0130FDB1-3353-4035-A976-E98EE7F8FC1E} = {27B0FFFA-CFE2-4F65-9126-97A0661A23A4}
		{508B6778-5D28-4AE7-B57F-7FB2648CF68F} = {0130FDB1-3353-4035-A976-E98EE7F8FC1E}
		{10DFAA5F-0673-489A-9865-2EC7096717FE} = {0130FDB1-3353-4035-A976-E98EE7F8FC1E}
		{347516B8-CF9A-4A23-97AF-3CF852F89487} = {0130FDB1-3353-4035-A976-E98EE7F8FC1E}
		{78AD1EA2-C07A-4E4F-A91D-DEB14C9F9482} = {27B0FFFA-CFE2-4F65-9126-97A0661A23A4}
		{374DAE69-B1FD-4451-8DCF-120047955EC5} = {78AD1EA2-C07A-4E4F-A91D-DEB14C9F9482}
		{33707882-E33F-4C75-9AE6-EF391A1D54B8} = {78AD1EA2-C07A-4E4F-A91D-DEB14C9F9482}
		{80AE7B74-B834-421A-B5B9-26697DF228D7} = {27B0FFFA-CFE2-4F65-9126-97A0661A23A4}
		{57E49F1D-6CAB-4D61-A4F3-60202FA045FC} = {80AE7B74-B834-421A-B5B9-26697DF228D7}
		{07DE7552-F61E-4459-8783-944C7DCB0562} = {80AE7B74-B834-421A-B5B9-26697DF228D7}
		{EE9E3A61-B51E-4431-A75D-A0976EC9B76F} = {80AE7B74-B834-421A-B5B9-26697DF228D7}
		{9F55AAB1-6DA5-4445-B273-EB45CA898AC6} = {80AE7B74-B834-421A-B5B9-26697DF228D7}
	EndGlobalSection
	GlobalSection(ExtensibilityGlobals) = postSolution
		SolutionGuid = {1EC61573-B22C-452C-B247-70FD17BF1978}
	EndGlobalSection
EndGlobal
